
Microsoft Visual Studio Solution File, Format Version 12.00
# Visual Studio 2012
Project("{FAE04EC0-301F-11D3-BF4B-00C04F79EFBC}") = "RecoverObject", "RecoverObject\RecoverObject.csproj", "{EB1D98F2-B817-4AD9-8C3F-0ACF430FE064}"
EndProject
Global
	GlobalSection(SolutionConfigurationPlatforms) = preSolution
		Debug|Any CPU = Debug|Any CPU
		Release|Any CPU = Release|Any CPU
	EndGlobalSection
	GlobalSection(ProjectConfigurationPlatforms) = postSolution
		{EB1D98F2-B817-4AD9-8C3F-0ACF430FE064}.Debug|Any CPU.ActiveCfg = Debug|Any CPU
		{EB1D98F2-B817-4AD9-8C3F-0ACF430FE064}.Debug|Any CPU.Build.0 = Debug|Any CPU
		{EB1D98F2-B817-4AD9-8C3F-0ACF430FE064}.Release|Any CPU.ActiveCfg = Release|Any CPU
		{EB1D98F2-B817-4AD9-8C3F-0ACF430FE064}.Release|Any CPU.Build.0 = Release|Any CPU
	EndGlobalSection
	GlobalSection(SolutionProperties) = preSolution
		HideSolutionNode = FALSE
	EndGlobalSection
EndGlobal
